
Microsoft Visual Studio Solution File, Format Version 12.00
# Visual Studio Version 17
VisualStudioVersion = 17.8.34309.116
MinimumVisualStudioVersion = 10.0.40219.1
Project("{8BC9CEB8-8B4A-11D0-8D11-00A0C91BC942}") = "Program", "Program.vcxproj", "{4702C931-67C7-4B52-B775-AFCE0E7053CF}"
EndProject
Project("{8BC9CEB8-8B4A-11D0-8D11-00A0C91BC942}") = "Class1th (printf)", "..\Class1th (printf)\Class1th (printf).vcxproj", "{31EBBAAA-B5E3-4991-BBBD-ABD5B2A83B64}"
EndProject
Project("{8BC9CEB8-8B4A-11D0-8D11-00A0C91BC942}") = "Class2th (Variable & Constant)", "..\Class2th (Variable & Constant)\Class2th (Variable & Constant).vcxproj", "{D1E756CC-84D4-4589-85DD-9BD899011768}"
EndProject
Project("{8BC9CEB8-8B4A-11D0-8D11-00A0C91BC942}") = "Class3th (Bit)", "..\Class3th (Bit)\Class3th (Bit).vcxproj", "{D852062B-24ED-46DE-8A1D-1A6458A173ED}"
EndProject
Project("{8BC9CEB8-8B4A-11D0-8D11-00A0C91BC942}") = "Class4th (Overflow & Underflow)", "..\Class4th (Overflow & Underflow)\Class4th (Overflow & Underflow).vcxproj", "{C99AFA37-0420-44B3-9DEF-53C16C893565}"
EndProject
Project("{8BC9CEB8-8B4A-11D0-8D11-00A0C91BC942}") = "Class5th (Conditional Statement)", "..\Class5th (Conditional Statement)\Class5th (Conditional Statement).vcxproj", "{21814042-3891-4C64-B32D-218BF6530EF3}"
EndProject
Project("{8BC9CEB8-8B4A-11D0-8D11-00A0C91BC942}") = "Class6th (Iteration Statement)", "..\Class6th (Iteration Statement)\Class6th (Iteration Statement).vcxproj", "{88C19372-AAAC-4C7C-AC4A-0DAFD25B4714}"
EndProject
Project("{8BC9CEB8-8B4A-11D0-8D11-00A0C91BC942}") = "Class7th (Type Conversion)", "..\Class7th (Type Conversion)\Class7th (Type Conversion).vcxproj", "{0A947FCC-46B9-4C8E-8B17-CD18A64EC03D}"
EndProject
Project("{8BC9CEB8-8B4A-11D0-8D11-00A0C91BC942}") = "Class8th (Pointer)", "..\Class8th (Pointer)\Class8th (Pointer).vcxproj", "{9C35D84A-3C24-48F1-8FE9-7E700B0B6B11}"
EndProject
Project("{8BC9CEB8-8B4A-11D0-8D11-00A0C91BC942}") = "Class9th (Array)", "..\Class9th (Array)\Class9th (Array).vcxproj", "{61E43C00-9EE5-460C-8B28-BEC30B34D561}"
EndProject
Project("{8BC9CEB8-8B4A-11D0-8D11-00A0C91BC942}") = "Class10th (String)", "..\Class10th (String)\Class10th (String).vcxproj", "{4C0D27DD-2AB4-41CA-B0F4-00839FFF279B}"
EndProject
Project("{8BC9CEB8-8B4A-11D0-8D11-00A0C91BC942}") = "Class11th (Function)", "..\Class11th (Function)\Class11th (Function).vcxproj", "{9C400820-24E7-4DBA-85F5-A6F3289B4B8B}"
EndProject
Project("{8BC9CEB8-8B4A-11D0-8D11-00A0C91BC942}") = "Class12th (Ascii Code)", "..\Class12th (Ascii Code)\Class12th (Ascii Code).vcxproj", "{FA5FBD26-E1C0-468E-98D5-25EB5A7BE5CA}"
EndProject
Project("{8BC9CEB8-8B4A-11D0-8D11-00A0C91BC942}") = "Class13th (Dynamic Allocation)", "..\Class13th (Dynamic Allocation)\Class13th (Dynamic Allocation).vcxproj", "{802BF42E-70AA-4FF4-9002-3C00D19D24BB}"
EndProject
Project("{8BC9CEB8-8B4A-11D0-8D11-00A0C91BC942}") = "Class14th (Struct)", "..\Class14th (Struct)\Class14th (Struct).vcxproj", "{31302864-9B84-4D35-AF06-57ED9BA609D6}"
EndProject
Global
	GlobalSection(SolutionConfigurationPlatforms) = preSolution
		Debug|x64 = Debug|x64
		Debug|x86 = Debug|x86
		Release|x64 = Release|x64
		Release|x86 = Release|x86
	EndGlobalSection
	GlobalSection(ProjectConfigurationPlatforms) = postSolution
		{4702C931-67C7-4B52-B775-AFCE0E7053CF}.Debug|x64.ActiveCfg = Debug|x64
		{4702C931-67C7-4B52-B775-AFCE0E7053CF}.Debug|x64.Build.0 = Debug|x64
		{4702C931-67C7-4B52-B775-AFCE0E7053CF}.Debug|x86.ActiveCfg = Debug|Win32
		{4702C931-67C7-4B52-B775-AFCE0E7053CF}.Debug|x86.Build.0 = Debug|Win32
		{4702C931-67C7-4B52-B775-AFCE0E7053CF}.Release|x64.ActiveCfg = Release|x64
		{4702C931-67C7-4B52-B775-AFCE0E7053CF}.Release|x64.Build.0 = Release|x64
		{4702C931-67C7-4B52-B775-AFCE0E7053CF}.Release|x86.ActiveCfg = Release|Win32
		{4702C931-67C7-4B52-B775-AFCE0E7053CF}.Release|x86.Build.0 = Release|Win32
		{31EBBAAA-B5E3-4991-BBBD-ABD5B2A83B64}.Debug|x64.ActiveCfg = Debug|x64
		{31EBBAAA-B5E3-4991-BBBD-ABD5B2A83B64}.Debug|x64.Build.0 = Debug|x64
		{31EBBAAA-B5E3-4991-BBBD-ABD5B2A83B64}.Debug|x86.ActiveCfg = Debug|Win32
		{31EBBAAA-B5E3-4991-BBBD-ABD5B2A83B64}.Debug|x86.Build.0 = Debug|Win32
		{31EBBAAA-B5E3-4991-BBBD-ABD5B2A83B64}.Release|x64.ActiveCfg = Release|x64
		{31EBBAAA-B5E3-4991-BBBD-ABD5B2A83B64}.Release|x64.Build.0 = Release|x64
		{31EBBAAA-B5E3-4991-BBBD-ABD5B2A83B64}.Release|x86.ActiveCfg = Release|Win32
		{31EBBAAA-B5E3-4991-BBBD-ABD5B2A83B64}.Release|x86.Build.0 = Release|Win32
		{D1E756CC-84D4-4589-85DD-9BD899011768}.Debug|x64.ActiveCfg = Debug|x64
		{D1E756CC-84D4-4589-85DD-9BD899011768}.Debug|x64.Build.0 = Debug|x64
		{D1E756CC-84D4-4589-85DD-9BD899011768}.Debug|x86.ActiveCfg = Debug|Win32
		{D1E756CC-84D4-4589-85DD-9BD899011768}.Debug|x86.Build.0 = Debug|Win32
		{D1E756CC-84D4-4589-85DD-9BD899011768}.Release|x64.ActiveCfg = Release|x64
		{D1E756CC-84D4-4589-85DD-9BD899011768}.Release|x64.Build.0 = Release|x64
		{D1E756CC-84D4-4589-85DD-9BD899011768}.Release|x86.ActiveCfg = Release|Win32
		{D1E756CC-84D4-4589-85DD-9BD899011768}.Release|x86.Build.0 = Release|Win32
		{D852062B-24ED-46DE-8A1D-1A6458A173ED}.Debug|x64.ActiveCfg = Debug|x64
		{D852062B-24ED-46DE-8A1D-1A6458A173ED}.Debug|x64.Build.0 = Debug|x64
		{D852062B-24ED-46DE-8A1D-1A6458A173ED}.Debug|x86.ActiveCfg = Debug|Win32
		{D852062B-24ED-46DE-8A1D-1A6458A173ED}.Debug|x86.Build.0 = Debug|Win32
		{D852062B-24ED-46DE-8A1D-1A6458A173ED}.Release|x64.ActiveCfg = Release|x64
		{D852062B-24ED-46DE-8A1D-1A6458A173ED}.Release|x64.Build.0 = Release|x64
		{D852062B-24ED-46DE-8A1D-1A6458A173ED}.Release|x86.ActiveCfg = Release|Win32
		{D852062B-24ED-46DE-8A1D-1A6458A173ED}.Release|x86.Build.0 = Release|Win32
		{C99AFA37-0420-44B3-9DEF-53C16C893565}.Debug|x64.ActiveCfg = Debug|x64
		{C99AFA37-0420-44B3-9DEF-53C16C893565}.Debug|x64.Build.0 = Debug|x64
		{C99AFA37-0420-44B3-9DEF-53C16C893565}.Debug|x86.ActiveCfg = Debug|Win32
		{C99AFA37-0420-44B3-9DEF-53C16C893565}.Debug|x86.Build.0 = Debug|Win32
		{C99AFA37-0420-44B3-9DEF-53C16C893565}.Release|x64.ActiveCfg = Release|x64
		{C99AFA37-0420-44B3-9DEF-53C16C893565}.Release|x64.Build.0 = Release|x64
		{C99AFA37-0420-44B3-9DEF-53C16C893565}.Release|x86.ActiveCfg = Release|Win32
		{C99AFA37-0420-44B3-9DEF-53C16C893565}.Release|x86.Build.0 = Release|Win32
		{21814042-3891-4C64-B32D-218BF6530EF3}.Debug|x64.ActiveCfg = Debug|x64
		{21814042-3891-4C64-B32D-218BF6530EF3}.Debug|x64.Build.0 = Debug|x64
		{21814042-3891-4C64-B32D-218BF6530EF3}.Debug|x86.ActiveCfg = Debug|Win32
		{21814042-3891-4C64-B32D-218BF6530EF3}.Debug|x86.Build.0 = Debug|Win32
		{21814042-3891-4C64-B32D-218BF6530EF3}.Release|x64.ActiveCfg = Release|x64
		{21814042-3891-4C64-B32D-218BF6530EF3}.Release|x64.Build.0 = Release|x64
		{21814042-3891-4C64-B32D-218BF6530EF3}.Release|x86.ActiveCfg = Release|Win32
		{21814042-3891-4C64-B32D-218BF6530EF3}.Release|x86.Build.0 = Release|Win32
		{88C19372-AAAC-4C7C-AC4A-0DAFD25B4714}.Debug|x64.ActiveCfg = Debug|x64
		{88C19372-AAAC-4C7C-AC4A-0DAFD25B4714}.Debug|x64.Build.0 = Debug|x64
		{88C19372-AAAC-4C7C-AC4A-0DAFD25B4714}.Debug|x86.ActiveCfg = Debug|Win32
		{88C19372-AAAC-4C7C-AC4A-0DAFD25B4714}.Debug|x86.Build.0 = Debug|Win32
		{88C19372-AAAC-4C7C-AC4A-0DAFD25B4714}.Release|x64.ActiveCfg = Release|x64
		{88C19372-AAAC-4C7C-AC4A-0DAFD25B4714}.Release|x64.Build.0 = Release|x64
		{88C19372-AAAC-4C7C-AC4A-0DAFD25B4714}.Release|x86.ActiveCfg = Release|Win32
		{88C19372-AAAC-4C7C-AC4A-0DAFD25B4714}.Release|x86.Build.0 = Release|Win32
		{0A947FCC-46B9-4C8E-8B17-CD18A64EC03D}.Debug|x64.ActiveCfg = Debug|x64
		{0A947FCC-46B9-4C8E-8B17-CD18A64EC03D}.Debug|x64.Build.0 = Debug|x64
		{0A947FCC-46B9-4C8E-8B17-CD18A64EC03D}.Debug|x86.ActiveCfg = Debug|Win32
		{0A947FCC-46B9-4C8E-8B17-CD18A64EC03D}.Debug|x86.Build.0 = Debug|Win32
		{0A947FCC-46B9-4C8E-8B17-CD18A64EC03D}.Release|x64.ActiveCfg = Release|x64
		{0A947FCC-46B9-4C8E-8B17-CD18A64EC03D}.Release|x64.Build.0 = Release|x64
		{0A947FCC-46B9-4C8E-8B17-CD18A64EC03D}.Release|x86.ActiveCfg = Release|Win32
		{0A947FCC-46B9-4C8E-8B17-CD18A64EC03D}.Release|x86.Build.0 = Release|Win32
		{9C35D84A-3C24-48F1-8FE9-7E700B0B6B11}.Debug|x64.ActiveCfg = Debug|x64
		{9C35D84A-3C24-48F1-8FE9-7E700B0B6B11}.Debug|x64.Build.0 = Debug|x64
		{9C35D84A-3C24-48F1-8FE9-7E700B0B6B11}.Debug|x86.ActiveCfg = Debug|Win32
		{9C35D84A-3C24-48F1-8FE9-7E700B0B6B11}.Debug|x86.Build.0 = Debug|Win32
		{9C35D84A-3C24-48F1-8FE9-7E700B0B6B11}.Release|x64.ActiveCfg = Release|x64
		{9C35D84A-3C24-48F1-8FE9-7E700B0B6B11}.Release|x64.Build.0 = Release|x64
		{9C35D84A-3C24-48F1-8FE9-7E700B0B6B11}.Release|x86.ActiveCfg = Release|Win32
		{9C35D84A-3C24-48F1-8FE9-7E700B0B6B11}.Release|x86.Build.0 = Release|Win32
		{61E43C00-9EE5-460C-8B28-BEC30B34D561}.Debug|x64.ActiveCfg = Debug|x64
		{61E43C00-9EE5-460C-8B28-BEC30B34D561}.Debug|x64.Build.0 = Debug|x64
		{61E43C00-9EE5-460C-8B28-BEC30B34D561}.Debug|x86.ActiveCfg = Debug|Win32
		{61E43C00-9EE5-460C-8B28-BEC30B34D561}.Debug|x86.Build.0 = Debug|Win32
		{61E43C00-9EE5-460C-8B28-BEC30B34D561}.Release|x64.ActiveCfg = Release|x64
		{61E43C00-9EE5-460C-8B28-BEC30B34D561}.Release|x64.Build.0 = Release|x64
		{61E43C00-9EE5-460C-8B28-BEC30B34D561}.Release|x86.ActiveCfg = Release|Win32
		{61E43C00-9EE5-460C-8B28-BEC30B34D561}.Release|x86.Build.0 = Release|Win32
		{4C0D27DD-2AB4-41CA-B0F4-00839FFF279B}.Debug|x64.ActiveCfg = Debug|x64
		{4C0D27DD-2AB4-41CA-B0F4-00839FFF279B}.Debug|x64.Build.0 = Debug|x64
		{4C0D27DD-2AB4-41CA-B0F4-00839FFF279B}.Debug|x86.ActiveCfg = Debug|Win32
		{4C0D27DD-2AB4-41CA-B0F4-00839FFF279B}.Debug|x86.Build.0 = Debug|Win32
		{4C0D27DD-2AB4-41CA-B0F4-00839FFF279B}.Release|x64.ActiveCfg = Release|x64
		{4C0D27DD-2AB4-41CA-B0F4-00839FFF279B}.Release|x64.Build.0 = Release|x64
		{4C0D27DD-2AB4-41CA-B0F4-00839FFF279B}.Release|x86.ActiveCfg = Release|Win32
		{4C0D27DD-2AB4-41CA-B0F4-00839FFF279B}.Release|x86.Build.0 = Release|Win32
		{9C400820-24E7-4DBA-85F5-A6F3289B4B8B}.Debug|x64.ActiveCfg = Debug|x64
		{9C400820-24E7-4DBA-85F5-A6F3289B4B8B}.Debug|x64.Build.0 = Debug|x64
		{9C400820-24E7-4DBA-85F5-A6F3289B4B8B}.Debug|x86.ActiveCfg = Debug|Win32
		{9C400820-24E7-4DBA-85F5-A6F3289B4B8B}.Debug|x86.Build.0 = Debug|Win32
		{9C400820-24E7-4DBA-85F5-A6F3289B4B8B}.Release|x64.ActiveCfg = Release|x64
		{9C400820-24E7-4DBA-85F5-A6F3289B4B8B}.Release|x64.Build.0 = Release|x64
		{9C400820-24E7-4DBA-85F5-A6F3289B4B8B}.Release|x86.ActiveCfg = Release|Win32
		{9C400820-24E7-4DBA-85F5-A6F3289B4B8B}.Release|x86.Build.0 = Release|Win32
		{FA5FBD26-E1C0-468E-98D5-25EB5A7BE5CA}.Debug|x64.ActiveCfg = Debug|x64
		{FA5FBD26-E1C0-468E-98D5-25EB5A7BE5CA}.Debug|x64.Build.0 = Debug|x64
		{FA5FBD26-E1C0-468E-98D5-25EB5A7BE5CA}.Debug|x86.ActiveCfg = Debug|Win32
		{FA5FBD26-E1C0-468E-98D5-25EB5A7BE5CA}.Debug|x86.Build.0 = Debug|Win32
		{FA5FBD26-E1C0-468E-98D5-25EB5A7BE5CA}.Release|x64.ActiveCfg = Release|x64
		{FA5FBD26-E1C0-468E-98D5-25EB5A7BE5CA}.Release|x64.Build.0 = Release|x64
		{FA5FBD26-E1C0-468E-98D5-25EB5A7BE5CA}.Release|x86.ActiveCfg = Release|Win32
		{FA5FBD26-E1C0-468E-98D5-25EB5A7BE5CA}.Release|x86.Build.0 = Release|Win32
		{802BF42E-70AA-4FF4-9002-3C00D19D24BB}.Debug|x64.ActiveCfg = Debug|x64
		{802BF42E-70AA-4FF4-9002-3C00D19D24BB}.Debug|x64.Build.0 = Debug|x64
		{802BF42E-70AA-4FF4-9002-3C00D19D24BB}.Debug|x86.ActiveCfg = Debug|Win32
		{802BF42E-70AA-4FF4-9002-3C00D19D24BB}.Debug|x86.Build.0 = Debug|Win32
		{802BF42E-70AA-4FF4-9002-3C00D19D24BB}.Release|x64.ActiveCfg = Release|x64
		{802BF42E-70AA-4FF4-9002-3C00D19D24BB}.Release|x64.Build.0 = Release|x64
		{802BF42E-70AA-4FF4-9002-3C00D19D24BB}.Release|x86.ActiveCfg = Release|Win32
		{802BF42E-70AA-4FF4-9002-3C00D19D24BB}.Release|x86.Build.0 = Release|Win32
		{31302864-9B84-4D35-AF06-57ED9BA609D6}.Debug|x64.ActiveCfg = Debug|x64
		{31302864-9B84-4D35-AF06-57ED9BA609D6}.Debug|x64.Build.0 = Debug|x64
		{31302864-9B84-4D35-AF06-57ED9BA609D6}.Debug|x86.ActiveCfg = Debug|Win32
		{31302864-9B84-4D35-AF06-57ED9BA609D6}.Debug|x86.Build.0 = Debug|Win32
		{31302864-9B84-4D35-AF06-57ED9BA609D6}.Release|x64.ActiveCfg = Release|x64
		{31302864-9B84-4D35-AF06-57ED9BA609D6}.Release|x64.Build.0 = Release|x64
		{31302864-9B84-4D35-AF06-57ED9BA609D6}.Release|x86.ActiveCfg = Release|Win32
		{31302864-9B84-4D35-AF06-57ED9BA609D6}.Release|x86.Build.0 = Release|Win32
	EndGlobalSection
	GlobalSection(SolutionProperties) = preSolution
		HideSolutionNode = FALSE
	EndGlobalSection
	GlobalSection(ExtensibilityGlobals) = postSolution
		SolutionGuid = {D475D1D7-4B8A-45BF-A4CA-5B685AB2AD30}
	EndGlobalSection
EndGlobal
