
Microsoft Visual Studio Solution File, Format Version 12.00
# Visual Studio Version 17
VisualStudioVersion = 17.8.34309.116
MinimumVisualStudioVersion = 10.0.40219.1
Project("{8BC9CEB8-8B4A-11D0-8D11-00A0C91BC942}") = "Program", "Program.vcxproj", "{4702C931-67C7-4B52-B775-AFCE0E7053CF}"
EndProject
Project("{8BC9CEB8-8B4A-11D0-8D11-00A0C91BC942}") = "Class1th (printf)", "..\Class1th (printf)\Class1th (printf).vcxproj", "{31EBBAAA-B5E3-4991-BBBD-ABD5B2A83B64}"
EndProject
Project("{8BC9CEB8-8B4A-11D0-8D11-00A0C91BC942}") = "Class2th (Variable & Constant)", "..\Class2th (Variable & Constant)\Class2th (Variable & Constant).vcxproj", "{D1E756CC-84D4-4589-85DD-9BD899011768}"
EndProject
Project("{8BC9CEB8-8B4A-11D0-8D11-00A0C91BC942}") = "Class3th (Bit)", "..\Class3th (Bit)\Class3th (Bit).vcxproj", "{D852062B-24ED-46DE-8A1D-1A6458A173ED}"
EndProject
Project("{8BC9CEB8-8B4A-11D0-8D11-00A0C91BC942}") = "Class4th (Overflow & Underflow)", "..\Class4th (Overflow & Underflow)\Class4th (Overflow & Underflow).vcxproj", "{C99AFA37-0420-44B3-9DEF-53C16C893565}"
EndProject
Project("{8BC9CEB8-8B4A-11D0-8D11-00A0C91BC942}") = "Class5th (Conditional Statement)", "..\Class5th (Conditional Statement)\Class5th (Conditional Statement).vcxproj", "{21814042-3891-4C64-B32D-218BF6530EF3}"
EndProject
Global
	GlobalSection(SolutionConfigurationPlatforms) = preSolution
		Debug|x64 = Debug|x64
		Debug|x86 = Debug|x86
		Release|x64 = Release|x64
		Release|x86 = Release|x86
	EndGlobalSection
	GlobalSection(ProjectConfigurationPlatforms) = postSolution
		{4702C931-67C7-4B52-B775-AFCE0E7053CF}.Debug|x64.ActiveCfg = Debug|x64
		{4702C931-67C7-4B52-B775-AFCE0E7053CF}.Debug|x64.Build.0 = Debug|x64
		{4702C931-67C7-4B52-B775-AFCE0E7053CF}.Debug|x86.ActiveCfg = Debug|Win32
		{4702C931-67C7-4B52-B775-AFCE0E7053CF}.Debug|x86.Build.0 = Debug|Win32
		{4702C931-67C7-4B52-B775-AFCE0E7053CF}.Release|x64.ActiveCfg = Release|x64
		{4702C931-67C7-4B52-B775-AFCE0E7053CF}.Release|x64.Build.0 = Release|x64
		{4702C931-67C7-4B52-B775-AFCE0E7053CF}.Release|x86.ActiveCfg = Release|Win32
		{4702C931-67C7-4B52-B775-AFCE0E7053CF}.Release|x86.Build.0 = Release|Win32
		{31EBBAAA-B5E3-4991-BBBD-ABD5B2A83B64}.Debug|x64.ActiveCfg = Debug|x64
		{31EBBAAA-B5E3-4991-BBBD-ABD5B2A83B64}.Debug|x64.Build.0 = Debug|x64
		{31EBBAAA-B5E3-4991-BBBD-ABD5B2A83B64}.Debug|x86.ActiveCfg = Debug|Win32
		{31EBBAAA-B5E3-4991-BBBD-ABD5B2A83B64}.Debug|x86.Build.0 = Debug|Win32
		{31EBBAAA-B5E3-4991-BBBD-ABD5B2A83B64}.Release|x64.ActiveCfg = Release|x64
		{31EBBAAA-B5E3-4991-BBBD-ABD5B2A83B64}.Release|x64.Build.0 = Release|x64
		{31EBBAAA-B5E3-4991-BBBD-ABD5B2A83B64}.Release|x86.ActiveCfg = Release|Win32
		{31EBBAAA-B5E3-4991-BBBD-ABD5B2A83B64}.Release|x86.Build.0 = Release|Win32
		{D1E756CC-84D4-4589-85DD-9BD899011768}.Debug|x64.ActiveCfg = Debug|x64
		{D1E756CC-84D4-4589-85DD-9BD899011768}.Debug|x64.Build.0 = Debug|x64
		{D1E756CC-84D4-4589-85DD-9BD899011768}.Debug|x86.ActiveCfg = Debug|Win32
		{D1E756CC-84D4-4589-85DD-9BD899011768}.Debug|x86.Build.0 = Debug|Win32
		{D1E756CC-84D4-4589-85DD-9BD899011768}.Release|x64.ActiveCfg = Release|x64
		{D1E756CC-84D4-4589-85DD-9BD899011768}.Release|x64.Build.0 = Release|x64
		{D1E756CC-84D4-4589-85DD-9BD899011768}.Release|x86.ActiveCfg = Release|Win32
		{D1E756CC-84D4-4589-85DD-9BD899011768}.Release|x86.Build.0 = Release|Win32
		{D852062B-24ED-46DE-8A1D-1A6458A173ED}.Debug|x64.ActiveCfg = Debug|x64
		{D852062B-24ED-46DE-8A1D-1A6458A173ED}.Debug|x64.Build.0 = Debug|x64
		{D852062B-24ED-46DE-8A1D-1A6458A173ED}.Debug|x86.ActiveCfg = Debug|Win32
		{D852062B-24ED-46DE-8A1D-1A6458A173ED}.Debug|x86.Build.0 = Debug|Win32
		{D852062B-24ED-46DE-8A1D-1A6458A173ED}.Release|x64.ActiveCfg = Release|x64
		{D852062B-24ED-46DE-8A1D-1A6458A173ED}.Release|x64.Build.0 = Release|x64
		{D852062B-24ED-46DE-8A1D-1A6458A173ED}.Release|x86.ActiveCfg = Release|Win32
		{D852062B-24ED-46DE-8A1D-1A6458A173ED}.Release|x86.Build.0 = Release|Win32
		{C99AFA37-0420-44B3-9DEF-53C16C893565}.Debug|x64.ActiveCfg = Debug|x64
		{C99AFA37-0420-44B3-9DEF-53C16C893565}.Debug|x64.Build.0 = Debug|x64
		{C99AFA37-0420-44B3-9DEF-53C16C893565}.Debug|x86.ActiveCfg = Debug|Win32
		{C99AFA37-0420-44B3-9DEF-53C16C893565}.Debug|x86.Build.0 = Debug|Win32
		{C99AFA37-0420-44B3-9DEF-53C16C893565}.Release|x64.ActiveCfg = Release|x64
		{C99AFA37-0420-44B3-9DEF-53C16C893565}.Release|x64.Build.0 = Release|x64
		{C99AFA37-0420-44B3-9DEF-53C16C893565}.Release|x86.ActiveCfg = Release|Win32
		{C99AFA37-0420-44B3-9DEF-53C16C893565}.Release|x86.Build.0 = Release|Win32
		{21814042-3891-4C64-B32D-218BF6530EF3}.Debug|x64.ActiveCfg = Debug|x64
		{21814042-3891-4C64-B32D-218BF6530EF3}.Debug|x64.Build.0 = Debug|x64
		{21814042-3891-4C64-B32D-218BF6530EF3}.Debug|x86.ActiveCfg = Debug|Win32
		{21814042-3891-4C64-B32D-218BF6530EF3}.Debug|x86.Build.0 = Debug|Win32
		{21814042-3891-4C64-B32D-218BF6530EF3}.Release|x64.ActiveCfg = Release|x64
		{21814042-3891-4C64-B32D-218BF6530EF3}.Release|x64.Build.0 = Release|x64
		{21814042-3891-4C64-B32D-218BF6530EF3}.Release|x86.ActiveCfg = Release|Win32
		{21814042-3891-4C64-B32D-218BF6530EF3}.Release|x86.Build.0 = Release|Win32
	EndGlobalSection
	GlobalSection(SolutionProperties) = preSolution
		HideSolutionNode = FALSE
	EndGlobalSection
	GlobalSection(ExtensibilityGlobals) = postSolution
		SolutionGuid = {D475D1D7-4B8A-45BF-A4CA-5B685AB2AD30}
	EndGlobalSection
EndGlobal
